
Microsoft Visual Studio Solution File, Format Version 12.00
# Visual Studio Version 17
VisualStudioVersion = 17.5.33424.131
MinimumVisualStudioVersion = 10.0.40219.1
Project("{9A19103F-16F7-4668-BE54-9A1E7A4F7556}") = "ClimbingPlaylistApi", "..\ClimbingPlaylistApi\ClimbingPlaylistApi.csproj", "{00BC7CE6-9D72-404C-83EE-D134F39EE1A0}"
EndProject
Project("{9A19103F-16F7-4668-BE54-9A1E7A4F7556}") = "ClimbingPlaylistApiTest", "..\ClimbingPlaylistApiTest\ClimbingPlaylistApiTest.csproj", "{D3868C04-31A9-420A-87E5-C49517B0DC5B}"
EndProject
Global
	GlobalSection(SolutionConfigurationPlatforms) = preSolution
		Debug|Any CPU = Debug|Any CPU
		Release|Any CPU = Release|Any CPU
	EndGlobalSection
	GlobalSection(ProjectConfigurationPlatforms) = postSolution
		{00BC7CE6-9D72-404C-83EE-D134F39EE1A0}.Debug|Any CPU.ActiveCfg = Debug|Any CPU
		{00BC7CE6-9D72-404C-83EE-D134F39EE1A0}.Debug|Any CPU.Build.0 = Debug|Any CPU
		{00BC7CE6-9D72-404C-83EE-D134F39EE1A0}.Release|Any CPU.ActiveCfg = Release|Any CPU
		{00BC7CE6-9D72-404C-83EE-D134F39EE1A0}.Release|Any CPU.Build.0 = Release|Any CPU
		{D3868C04-31A9-420A-87E5-C49517B0DC5B}.Debug|Any CPU.ActiveCfg = Debug|Any CPU
		{D3868C04-31A9-420A-87E5-C49517B0DC5B}.Debug|Any CPU.Build.0 = Debug|Any CPU
		{D3868C04-31A9-420A-87E5-C49517B0DC5B}.Release|Any CPU.ActiveCfg = Release|Any CPU
		{D3868C04-31A9-420A-87E5-C49517B0DC5B}.Release|Any CPU.Build.0 = Release|Any CPU
	EndGlobalSection
	GlobalSection(SolutionProperties) = preSolution
		HideSolutionNode = FALSE
	EndGlobalSection
	GlobalSection(ExtensibilityGlobals) = postSolution
		SolutionGuid = {77CD47C3-DC10-42FB-A4D0-1E9D933E96FE}
	EndGlobalSection
EndGlobal
